# This file is automatically @generated by Cargo.
# It is not intended for manual editing.
version = 3

[[package]]
name = "ex001_move_semantics"
version = "0.1.0"

[[package]]
name = "ex002_borrow_errors"
version = "0.1.0"

[[package]]
name = "ex003_ownership_design"
version = "0.1.0"

[[package]]
name = "ex004_compare_signatures"
version = "0.1.0"
