# This file is automatically @generated by Cargo.
# It is not intended for manual editing.
version = 3

[[package]]
name = "check-exercises"
version = "0.1.0"

[[package]]
name = "ex001_move_semantics"
version = "0.1.0"

[[package]]
name = "ex002_borrow_errors"
version = "0.1.0"

[[package]]
name = "ex003_ownership_design"
version = "0.1.0"

[[package]]
name = "ex004_compare_signatures"
version = "0.1.0"

[[package]]
name = "ex005_invalid_states"
version = "0.1.0"

[[package]]
name = "ex006_newtype"
version = "0.1.0"

[[package]]
name = "ex007_parse_dont_validate"
version = "0.1.0"

[[package]]
name = "ex008_visibility"
version = "0.1.0"

[[package]]
name = "ex009_enum_states"
version = "0.1.0"

[[package]]
name = "ex010_state_machine"
version = "0.1.0"

[[package]]
name = "ex011_typestate"
version = "0.1.0"
