# This file is automatically @generated by Cargo.
# It is not intended for manual editing.
version = 4

[[package]]
name = "check-exercises"
version = "0.1.0"

[[package]]
name = "ex001_move_semantics"
version = "0.1.0"

[[package]]
name = "ex002_borrow_errors"
version = "0.1.0"

[[package]]
name = "ex003_ownership_design"
version = "0.1.0"

[[package]]
name = "ex004_compare_signatures"
version = "0.1.0"

[[package]]
name = "ex005_invalid_states"
version = "0.1.0"

[[package]]
name = "ex006_newtype"
version = "0.1.0"

[[package]]
name = "ex007_parse_dont_validate"
version = "0.1.0"

[[package]]
name = "ex008_visibility"
version = "0.1.0"

[[package]]
name = "ex009_enum_states"
version = "0.1.0"

[[package]]
name = "ex010_state_machine"
version = "0.1.0"

[[package]]
name = "ex011_typestate"
version = "0.1.0"

[[package]]
name = "ex013_trait_purpose"
version = "0.1.0"

[[package]]
name = "ex014_generic_vs_dyn"
version = "0.1.0"

[[package]]
name = "ex015_associated_type"
version = "0.1.0"

[[package]]
name = "ex016_standard_traits"
version = "0.1.0"

[[package]]
name = "ex017_review_logger"
version = "0.1.0"

[[package]]
name = "ex018_generic_benefit"
version = "0.1.0"

[[package]]
name = "ex019_trait_bounds"
version = "0.1.0"

[[package]]
name = "ex020_impl_trait"
version = "0.1.0"

[[package]]
name = "ex021_gat_basics"
version = "0.1.0"

[[package]]
name = "ex022_result_design"
version = "0.1.0"

[[package]]
name = "ex023_custom_error_types"
version = "0.1.0"

[[package]]
name = "ex024_error_propagation"
version = "0.1.0"

[[package]]
name = "ex025_library_vs_application"
version = "0.1.0"

[[package]]
name = "ex026_adapters_vs_for"
version = "0.1.0"

[[package]]
name = "ex027_custom_iterator"
version = "0.1.0"

[[package]]
name = "ex028_laziness_and_allocation"
version = "0.1.0"

[[package]]
name = "ex029_borrowing_iterators"
version = "0.1.0"

[[package]]
name = "ex030_lifetime_annotations"
version = "0.1.0"

[[package]]
name = "ex031_struct_with_reference"
version = "0.1.0"

[[package]]
name = "ex032_static_bound"
version = "0.1.0"

[[package]]
name = "ex033_hrtb"
version = "0.1.0"
